PODS:
  - Alamofire (4.4.0)
  - AlamofireImage (3.2.0):
    - Alamofire (~> 4.1)
  - CocoaLumberjack (3.1.0):
    - CocoaLumberjack/Default (= 3.1.0)
    - CocoaLumberjack/Extensions (= 3.1.0)
  - CocoaLumberjack/Default (3.1.0)
  - CocoaLumberjack/Extensions (3.1.0):
    - CocoaLumberjack/Default
  - CocoaLumberjack/Swift (3.1.0):
    - CocoaLumberjack/Default
  - PromiseKit/CorePromise (4.1.7)
  - YapDatabase (2.9.3):
    - YapDatabase/Standard (= 2.9.3)
  - YapDatabase/Standard (2.9.3):
    - YapDatabase/Standard/Core (= 2.9.3)
    - YapDatabase/Standard/Extensions (= 2.9.3)
  - YapDatabase/Standard/Core (2.9.3):
    - CocoaLumberjack (~> 3)
  - YapDatabase/Standard/Extensions (2.9.3):
    - YapDatabase/Standard/Core
    - YapDatabase/Standard/Extensions/ActionManager (= 2.9.3)
    - YapDatabase/Standard/Extensions/CloudKit (= 2.9.3)
    - YapDatabase/Standard/Extensions/ConnectionProxy (= 2.9.3)
    - YapDatabase/Standard/Extensions/CrossProcessNotification (= 2.9.3)
    - YapDatabase/Standard/Extensions/FilteredViews (= 2.9.3)
    - YapDatabase/Standard/Extensions/FullTextSearch (= 2.9.3)
    - YapDatabase/Standard/Extensions/Hooks (= 2.9.3)
    - YapDatabase/Standard/Extensions/Relationships (= 2.9.3)
    - YapDatabase/Standard/Extensions/RTreeIndex (= 2.9.3)
    - YapDatabase/Standard/Extensions/SearchResults (= 2.9.3)
    - YapDatabase/Standard/Extensions/SecondaryIndex (= 2.9.3)
    - YapDatabase/Standard/Extensions/Views (= 2.9.3)
  - YapDatabase/Standard/Extensions/ActionManager (2.9.3):
    - YapDatabase/Standard/Core
    - YapDatabase/Standard/Extensions/Views
  - YapDatabase/Standard/Extensions/CloudKit (2.9.3):
    - YapDatabase/Standard/Core
  - YapDatabase/Standard/Extensions/ConnectionProxy (2.9.3):
    - YapDatabase/Standard/Core
  - YapDatabase/Standard/Extensions/CrossProcessNotification (2.9.3):
    - YapDatabase/Standard/Core
  - YapDatabase/Standard/Extensions/FilteredViews (2.9.3):
    - YapDatabase/Standard/Core
    - YapDatabase/Standard/Extensions/Views
  - YapDatabase/Standard/Extensions/FullTextSearch (2.9.3):
    - YapDatabase/Standard/Core
  - YapDatabase/Standard/Extensions/Hooks (2.9.3):
    - YapDatabase/Standard/Core
  - YapDatabase/Standard/Extensions/Relationships (2.9.3):
    - YapDatabase/Standard/Core
  - YapDatabase/Standard/Extensions/RTreeIndex (2.9.3):
    - YapDatabase/Standard/Core
  - YapDatabase/Standard/Extensions/SearchResults (2.9.3):
    - YapDatabase/Standard/Core
    - YapDatabase/Standard/Extensions/FullTextSearch
    - YapDatabase/Standard/Extensions/Views
  - YapDatabase/Standard/Extensions/SecondaryIndex (2.9.3):
    - YapDatabase/Standard/Core
  - YapDatabase/Standard/Extensions/Views (2.9.3):
    - YapDatabase/Standard/Core
  - YapImageManager (1.0.0):
    - Alamofire (= 4.4.0)
    - CocoaLumberjack/Swift (= 3.1.0)
    - YapDatabase

DEPENDENCIES:
  - Alamofire (= 4.4.0)
  - AlamofireImage (= 3.2.0)
  - CocoaLumberjack/Swift (= 3.1.0)
  - PromiseKit/CorePromise (= 4.1.7)
  - YapDatabase (from `git@github.com:emoryalimam/YapDatabase.git`, commit `f137d9b`)
  - YapImageManager (from `./`)

EXTERNAL SOURCES:
  YapDatabase:
    :commit: f137d9b
    :git: git@github.com:emoryalimam/YapDatabase.git
  YapImageManager:
    :path: ./

CHECKOUT OPTIONS:
  YapDatabase:
    :commit: f137d9b
    :git: git@github.com:emoryalimam/YapDatabase.git

SPEC CHECKSUMS:
  Alamofire: dc44b1600b800eb63da6a19039a0083d62a6a62d
  AlamofireImage: 157ed682cc81d3b9db4fb90c1f12180ac552d93b
  CocoaLumberjack: 8311463ddf9ee86a06ef92a071dd656c89244500
  PromiseKit: 779f2e41faf62d854e7593026ddbcb0bb5c5002d
  YapDatabase: 4d05ed66d46a04d865491dbaa88d1fd8bfc679c6
  YapImageManager: 390e9facd3c023ccd2ad5acc13dd3dbfd2814c3e

PODFILE CHECKSUM: f434dd0b79d08ae77501d38fbb4e154e7607f008

COCOAPODS: 1.1.1
